# @generated - this file is auto-generated by `mise lock` https://mise.jdx.dev/dev-tools/mise-lock.html

[[tools.fzf]]
version = "0.73.1"
backend = "aqua:junegunn/fzf"

[tools.fzf."platforms.macos-arm64"]
checksum = "sha256:d27fd68c04fb9b42f7c73a3f7d38069a74d308e40174f64a072c747213e97286"
url = "https://github.com/junegunn/fzf/releases/download/v0.73.1/fzf-0.73.1-darwin_arm64.tar.gz"
url_api = "https://api.github.com/repos/junegunn/fzf/releases/assets/429088717"

[[tools.gh]]
version = "2.96.0"
backend = "aqua:cli/cli"

[tools.gh."platforms.macos-arm64"]
checksum = "sha256:f23a0c37d963aacc3bed703ccbd59b41c5ca22101fab7f00eb2b7cad23aba463"
url = "https://github.com/cli/cli/releases/download/v2.96.0/gh_2.96.0_macOS_arm64.zip"
url_api = "https://api.github.com/repos/cli/cli/releases/assets/464728562"
provenance = "github-attestations"

[[tools.ghq]]
version = "1.10.1"
backend = "aqua:x-motemen/ghq"

[tools.ghq."platforms.macos-arm64"]
checksum = "sha256:5e3100de0c5a248eebe6ab176ad94d6e12386af70a58c535368a4301861b1398"
url = "https://github.com/x-motemen/ghq/releases/download/v1.10.1/ghq_darwin_arm64.zip"
url_api = "https://api.github.com/repos/x-motemen/ghq/releases/assets/394135804"

[[tools.go]]
version = "1.26.5"
backend = "core:go"

[tools.go."platforms.macos-arm64"]
checksum = "sha256:efb87ff28af9a188d0536ef5d42e63dd52ba8263cd7344a993cc48dd11dedb6a"
url = "https://dl.google.com/go/go1.26.5.darwin-arm64.tar.gz"

[[tools.herdr]]
version = "0.7.3"
backend = "aqua:ogulcancelik/herdr"

[tools.herdr."platforms.macos-arm64"]
checksum = "sha256:b31345392d004ec1f1b2c821e1ad601019fa8385fe1e4c6931321eb58a920773"
url = "https://github.com/ogulcancelik/herdr/releases/download/v0.7.3/herdr-macos-aarch64"
url_api = "https://api.github.com/repos/ogulcancelik/herdr/releases/assets/469642056"

[[tools.hunk]]
version = "0.17.0"
backend = "aqua:modem-dev/hunk"

[tools.hunk."platforms.macos-arm64"]
checksum = "sha256:700221669a51b78c835985b49ca67e5a4bbaafdb434a6ca03f9d262f7a82693e"
url = "https://github.com/modem-dev/hunk/releases/download/v0.17.0/hunkdiff-darwin-arm64.tar.gz"
url_api = "https://api.github.com/repos/modem-dev/hunk/releases/assets/468967653"

[[tools.jq]]
version = "1.8.2"
backend = "aqua:jqlang/jq"

[tools.jq."platforms.macos-arm64"]
checksum = "sha256:2d75340ba57a4b4b4c8708a21c2dc8e958a48aaa8bba13b27f77f6e4c0eca07e"
url = "https://github.com/jqlang/jq/releases/download/jq-1.8.2/jq-macos-arm64"
url_api = "https://api.github.com/repos/jqlang/jq/releases/assets/453012783"
provenance = "github-attestations"

[[tools.node]]
version = "24.18.0"
backend = "core:node"

[tools.node."platforms.macos-arm64"]
checksum = "sha256:e1a97e14c99c803e96c7339403282ea05a499c32f8d83defe9ef5ec66f979ed1"
url = "https://nodejs.org/dist/v24.18.0/node-v24.18.0-darwin-arm64.tar.gz"

[[tools.python]]
version = "3.14.6"
backend = "core:python"

[tools.python."platforms.macos-arm64"]
checksum = "sha256:35d774f61d63c1fd4f1bc9495a7ada92e500dc4382a0df8a9910eb87ea48e8cf"
url = "https://github.com/astral-sh/python-build-standalone/releases/download/20260623/cpython-3.14.6+20260623-aarch64-apple-darwin-install_only_stripped.tar.gz"
provenance = "github-attestations"

[[tools.ruby]]
version = "4.0.5"
backend = "core:ruby"

[tools.ruby.options]
compile = "false"
precompiled_url = "jdx/ruby"
ruby_build_repo = "https://github.com/rbenv/ruby-build.git"
ruby_install = "false"

[tools.ruby."platforms.macos-arm64"]
checksum = "sha256:2ceac7dbfb7ce73e7efbf0198fb859c23144169af9bd417b3996c6176e60ae80"
url = "https://github.com/jdx/ruby/releases/download/4.0.5-2/ruby-4.0.5.macos.tar.gz"
provenance = "github-attestations"
